// !$*UTF8*$!
{
	archiveVersion = 1;
	classes = {
	};
	objectVersion = 50;
	objects = {

/* Begin PBXBuildFile section */
		03637C632085DD8600BBFBBC /* AppDelegate.m in Sources */ = {isa = PBXBuildFile; fileRef = 03637C622085DD8600BBFBBC /* AppDelegate.m */; };
		03637C662085DD8600BBFBBC /* ViewController.m in Sources */ = {isa = PBXBuildFile; fileRef = 03637C652085DD8600BBFBBC /* ViewController.m */; };
		03637C692085DD8600BBFBBC /* Main.storyboard in Resources */ = {isa = PBXBuildFile; fileRef = 03637C672085DD8600BBFBBC /* Main.storyboard */; };
		03637C6B2085DD8900BBFBBC /* Assets.xcassets in Resources */ = {isa = PBXBuildFile; fileRef = 03637C6A2085DD8900BBFBBC /* Assets.xcassets */; };
		03637C6E2085DD8900BBFBBC /* LaunchScreen.storyboard in Resources */ = {isa = PBXBuildFile; fileRef = 03637C6C2085DD8900BBFBBC /* LaunchScreen.storyboard */; };
		03637C712085DD8900BBFBBC /* main.m in Sources */ = {isa = PBXBuildFile; fileRef = 03637C702085DD8900BBFBBC /* main.m */; };
		03637C7A2085DDCE00BBFBBC /* EBDropdownListView.m in Sources */ = {isa = PBXBuildFile; fileRef = 03637C792085DDCE00BBFBBC /* EBDropdownListView.m */; };
		03637C7D2085EEED00BBFBBC /* dropdownFlag@2x.png in Resources */ = {isa = PBXBuildFile; fileRef = 03637C7B2085EEED00BBFBBC /* dropdownFlag@2x.png */; };
		03637C7E2085EEED00BBFBBC /* dropdownFlag@3x.png in Resources */ = {isa = PBXBuildFile; fileRef = 03637C7C2085EEED00BBFBBC /* dropdownFlag@3x.png */; };
/* End PBXBuildFile section */

/* Begin PBXFileReference section */
		03637C5E2085DD8600BBFBBC /* DropdownListDemo.app */ = {isa = PBXFileReference; explicitFileType = wrapper.application; includeInIndex = 0; path = DropdownListDemo.app; sourceTree = BUILT_PRODUCTS_DIR; };
		03637C612085DD8600BBFBBC /* AppDelegate.h */ = {isa = PBXFileReference; lastKnownFileType = sourcecode.c.h; path = AppDelegate.h; sourceTree = "<group>"; };
		03637C622085DD8600BBFBBC /* AppDelegate.m */ = {isa = PBXFileReference; lastKnownFileType = sourcecode.c.objc; path = AppDelegate.m; sourceTree = "<group>"; };
		03637C642085DD8600BBFBBC /* ViewController.h */ = {isa = PBXFileReference; lastKnownFileType = sourcecode.c.h; path = ViewController.h; sourceTree = "<group>"; };
		03637C652085DD8600BBFBBC /* ViewController.m */ = {isa = PBXFileReference; lastKnownFileType = sourcecode.c.objc; path = ViewController.m; sourceTree = "<group>"; };
		03637C682085DD8600BBFBBC /* Base */ = {isa = PBXFileReference; lastKnownFileType = file.storyboard; name = Base; path = Base.lproj/Main.storyboard; sourceTree = "<group>"; };
		03637C6A2085DD8900BBFBBC /* Assets.xcassets */ = {isa = PBXFileReference; lastKnownFileType = folder.assetcatalog; path = Assets.xcassets; sourceTree = "<group>"; };
		03637C6D2085DD8900BBFBBC /* Base */ = {isa = PBXFileReference; lastKnownFileType = file.storyboard; name = Base; path = Base.lproj/LaunchScreen.storyboard; sourceTree = "<group>"; };
		03637C6F2085DD8900BBFBBC /* Info.plist */ = {isa = PBXFileReference; lastKnownFileType = text.plist.xml; path = Info.plist; sourceTree = "<group>"; };
		03637C702085DD8900BBFBBC /* main.m */ = {isa = PBXFileReference; lastKnownFileType = sourcecode.c.objc; path = main.m; sourceTree = "<group>"; };
		03637C782085DDCE00BBFBBC /* EBDropdownListView.h */ = {isa = PBXFileReference; lastKnownFileType = sourcecode.c.h; path = EBDropdownListView.h; sourceTree = "<group>"; };
		03637C792085DDCE00BBFBBC /* EBDropdownListView.m */ = {isa = PBXFileReference; lastKnownFileType = sourcecode.c.objc; path = EBDropdownListView.m; sourceTree = "<group>"; };
		03637C7B2085EEED00BBFBBC /* dropdownFlag@2x.png */ = {isa = PBXFileReference; lastKnownFileType = image.png; path = "dropdownFlag@2x.png"; sourceTree = "<group>"; };
		03637C7C2085EEED00BBFBBC /* dropdownFlag@3x.png */ = {isa = PBXFileReference; lastKnownFileType = image.png; path = "dropdownFlag@3x.png"; sourceTree = "<group>"; };
/* End PBXFileReference section */

/* Begin PBXFrameworksBuildPhase section */
		03637C5B2085DD8600BBFBBC /* Frameworks */ = {
			isa = PBXFrameworksBuildPhase;
			buildActionMask = 2147483647;
			files = (
			);
			runOnlyForDeploymentPostprocessing = 0;
		};
/* End PBXFrameworksBuildPhase section */

/* Begin PBXGroup section */
		03637C552085DD8600BBFBBC = {
			isa = PBXGroup;
			children = (
				03637C602085DD8600BBFBBC /* DropdownListDemo */,
				03637C5F2085DD8600BBFBBC /* Products */,
			);
			sourceTree = "<group>";
		};
		03637C5F2085DD8600BBFBBC /* Products */ = {
			isa = PBXGroup;
			children = (
				03637C5E2085DD8600BBFBBC /* DropdownListDemo.app */,
			);
			name = Products;
			sourceTree = "<group>";
		};
		03637C602085DD8600BBFBBC /* DropdownListDemo */ = {
			isa = PBXGroup;
			children = (
				03637C772085DD9500BBFBBC /* EBDropdownList */,
				03637C612085DD8600BBFBBC /* AppDelegate.h */,
				03637C622085DD8600BBFBBC /* AppDelegate.m */,
				03637C642085DD8600BBFBBC /* ViewController.h */,
				03637C652085DD8600BBFBBC /* ViewController.m */,
				03637C672085DD8600BBFBBC /* Main.storyboard */,
				03637C6A2085DD8900BBFBBC /* Assets.xcassets */,
				03637C6C2085DD8900BBFBBC /* LaunchScreen.storyboard */,
				03637C6F2085DD8900BBFBBC /* Info.plist */,
				03637C702085DD8900BBFBBC /* main.m */,
			);
			path = DropdownListDemo;
			sourceTree = "<group>";
		};
		03637C772085DD9500BBFBBC /* EBDropdownList */ = {
			isa = PBXGroup;
			children = (
				03637C7B2085EEED00BBFBBC /* dropdownFlag@2x.png */,
				03637C7C2085EEED00BBFBBC /* dropdownFlag@3x.png */,
				03637C782085DDCE00BBFBBC /* EBDropdownListView.h */,
				03637C792085DDCE00BBFBBC /* EBDropdownListView.m */,
			);
			path = EBDropdownList;
			sourceTree = "<group>";
		};
/* End PBXGroup section */

/* Begin PBXNativeTarget section */
		03637C5D2085DD8600BBFBBC /* DropdownListDemo */ = {
			isa = PBXNativeTarget;
			buildConfigurationList = 03637C742085DD8900BBFBBC /* Build configuration list for PBXNativeTarget "DropdownListDemo" */;
			buildPhases = (
				03637C5A2085DD8600BBFBBC /* Sources */,
				03637C5B2085DD8600BBFBBC /* Frameworks */,
				03637C5C2085DD8600BBFBBC /* Resources */,
			);
			buildRules = (
			);
			dependencies = (
			);
			name = DropdownListDemo;
			productName = DropdownListDemo;
			productReference = 03637C5E2085DD8600BBFBBC /* DropdownListDemo.app */;
			productType = "com.apple.product-type.application";
		};
/* End PBXNativeTarget section */

/* Begin PBXProject section */
		03637C562085DD8600BBFBBC /* Project object */ = {
			isa = PBXProject;
			attributes = {
				LastUpgradeCheck = 0930;
				ORGANIZATIONNAME = HoYo;
				TargetAttributes = {
					03637C5D2085DD8600BBFBBC = {
						CreatedOnToolsVersion = 9.3;
					};
				};
			};
			buildConfigurationList = 03637C592085DD8600BBFBBC /* Build configuration list for PBXProject "DropdownListDemo" */;
			compatibilityVersion = "Xcode 9.3";
			developmentRegion = en;
			hasScannedForEncodings = 0;
			knownRegions = (
				en,
				Base,
			);
			mainGroup = 03637C552085DD8600BBFBBC;
			productRefGroup = 03637C5F2085DD8600BBFBBC /* Products */;
			projectDirPath = "";
			projectRoot = "";
			targets = (
				03637C5D2085DD8600BBFBBC /* DropdownListDemo */,
			);
		};
/* End PBXProject section */

/* Begin PBXResourcesBuildPhase section */
		03637C5C2085DD8600BBFBBC /* Resources */ = {
			isa = PBXResourcesBuildPhase;
			buildActionMask = 2147483647;
			files = (
				03637C6E2085DD8900BBFBBC /* LaunchScreen.storyboard in Resources */,
				03637C6B2085DD8900BBFBBC /* Assets.xcassets in Resources */,
				03637C7E2085EEED00BBFBBC /* dropdownFlag@3x.png in Resources */,
				03637C692085DD8600BBFBBC /* Main.storyboard in Resources */,
				03637C7D2085EEED00BBFBBC /* dropdownFlag@2x.png in Resources */,
			);
			runOnlyForDeploymentPostprocessing = 0;
		};
/* End PBXResourcesBuildPhase section */

/* Begin PBXSourcesBuildPhase section */
		03637C5A2085DD8600BBFBBC /* Sources */ = {
			isa = PBXSourcesBuildPhase;
			buildActionMask = 2147483647;
			files = (
				03637C662085DD8600BBFBBC /* ViewController.m in Sources */,
				03637C712085DD8900BBFBBC /* main.m in Sources */,
				03637C632085DD8600BBFBBC /* AppDelegate.m in Sources */,
				03637C7A2085DDCE00BBFBBC /* EBDropdownListView.m in Sources */,
			);
			runOnlyForDeploymentPostprocessing = 0;
		};
/* End PBXSourcesBuildPhase section */

/* Begin PBXVariantGroup section */
		03637C672085DD8600BBFBBC /* Main.storyboard */ = {
			isa = PBXVariantGroup;
			children = (
				03637C682085DD8600BBFBBC /* Base */,
			);
			name = Main.storyboard;
			sourceTree = "<group>";
		};
		03637C6C2085DD8900BBFBBC /* LaunchScreen.storyboard */ = {
			isa = PBXVariantGroup;
			children = (
				03637C6D2085DD8900BBFBBC /* Base */,
			);
			name = LaunchScreen.storyboard;
			sourceTree = "<group>";
		};
/* End PBXVariantGroup section */

/* Begin XCBuildConfiguration section */
		03637C722085DD8900BBFBBC /* Debug */ = {
			isa = XCBuildConfiguration;
			buildSettings = {
				ALWAYS_SEARCH_USER_PATHS = NO;
				CLANG_ANALYZER_NONNULL = YES;
				CLANG_ANALYZER_NUMBER_OBJECT_CONVERSION = YES_AGGRESSIVE;
				CLANG_CXX_LANGUAGE_STANDARD = "gnu++14";
				CLANG_CXX_LIBRARY = "libc++";
				CLANG_ENABLE_MODULES = YES;
				CLANG_ENABLE_OBJC_ARC = YES;
				CLANG_ENABLE_OBJC_WEAK = YES;
				CLANG_WARN_BLOCK_CAPTURE_AUTORELEASING = YES;
				CLANG_WARN_BOOL_CONVERSION = YES;
				CLANG_WARN_COMMA = YES;
				CLANG_WARN_CONSTANT_CONVERSION = YES;
				CLANG_WARN_DEPRECATED_OBJC_IMPLEMENTATIONS = YES;
				CLANG_WARN_DIRECT_OBJC_ISA_USAGE = YES_ERROR;
				CLANG_WARN_DOCUMENTATION_COMMENTS = YES;
				CLANG_WARN_EMPTY_BODY = YES;
				CLANG_WARN_ENUM_CONVERSION = YES;
				CLANG_WARN_INFINITE_RECURSION = YES;
				CLANG_WARN_INT_CONVERSION = YES;
				CLANG_WARN_NON_LITERAL_NULL_CONVERSION = YES;
				CLANG_WARN_OBJC_IMPLICIT_RETAIN_SELF = YES;
				CLANG_WARN_OBJC_LITERAL_CONVERSION = YES;
				CLANG_WARN_OBJC_ROOT_CLASS = YES_ERROR;
				CLANG_WARN_RANGE_LOOP_ANALYSIS = YES;
				CLANG_WARN_STRICT_PROTOTYPES = YES;
				CLANG_WARN_SUSPICIOUS_MOVE = YES;
				CLANG_WARN_UNGUARDED_AVAILABILITY = YES_AGGRESSIVE;
				CLANG_WARN_UNREACHABLE_CODE = YES;
				CLANG_WARN__DUPLICATE_METHOD_MATCH = YES;
				CODE_SIGN_IDENTITY = "iPhone Developer";
				COPY_PHASE_STRIP = NO;
				DEBUG_INFORMATION_FORMAT = dwarf;
				ENABLE_STRICT_OBJC_MSGSEND = YES;
				ENABLE_TESTABILITY = YES;
				GCC_C_LANGUAGE_STANDARD = gnu11;
				GCC_DYNAMIC_NO_PIC = NO;
				GCC_NO_COMMON_BLOCKS = YES;
				GCC_OPTIMIZATION_LEVEL = 0;
				GCC_PREPROCESSOR_DEFINITIONS = (
					"DEBUG=1",
					"$(inherited)",
				);
				GCC_WARN_64_TO_32_BIT_CONVERSION = YES;
				GCC_WARN_ABOUT_RETURN_TYPE = YES_ERROR;
				GCC_WARN_UNDECLARED_SELECTOR = YES;
				GCC_WARN_UNINITIALIZED_AUTOS = YES_AGGRESSIVE;
				GCC_WARN_UNUSED_FUNCTION = YES;
				GCC_WARN_UNUSED_VARIABLE = YES;
				IPHONEOS_DEPLOYMENT_TARGET = 11.3;
				MTL_ENABLE_DEBUG_INFO = YES;
				ONLY_ACTIVE_ARCH = YES;
				SDKROOT = iphoneos;
			};
			name = Debug;
		};
		03637C732085DD8900BBFBBC /* Release */ = {
			isa = XCBuildConfiguration;
			buildSettings = {
				ALWAYS_SEARCH_USER_PATHS = NO;
				CLANG_ANALYZER_NONNULL = YES;
				CLANG_ANALYZER_NUMBER_OBJECT_CONVERSION = YES_AGGRESSIVE;
				CLANG_CXX_LANGUAGE_STANDARD = "gnu++14";
				CLANG_CXX_LIBRARY = "libc++";
				CLANG_ENABLE_MODULES = YES;
				CLANG_ENABLE_OBJC_ARC = YES;
				CLANG_ENABLE_OBJC_WEAK = YES;
				CLANG_WARN_BLOCK_CAPTURE_AUTORELEASING = YES;
				CLANG_WARN_BOOL_CONVERSION = YES;
				CLANG_WARN_COMMA = YES;
				CLANG_WARN_CONSTANT_CONVERSION = YES;
				CLANG_WARN_DEPRECATED_OBJC_IMPLEMENTATIONS = YES;
				CLANG_WARN_DIRECT_OBJC_ISA_USAGE = YES_ERROR;
				CLANG_WARN_DOCUMENTATION_COMMENTS = YES;
				CLANG_WARN_EMPTY_BODY = YES;
				CLANG_WARN_ENUM_CONVERSION = YES;
				CLANG_WARN_INFINITE_RECURSION = YES;
				CLANG_WARN_INT_CONVERSION = YES;
				CLANG_WARN_NON_LITERAL_NULL_CONVERSION = YES;
				CLANG_WARN_OBJC_IMPLICIT_RETAIN_SELF = YES;
				CLANG_WARN_OBJC_LITERAL_CONVERSION = YES;
				CLANG_WARN_OBJC_ROOT_CLASS = YES_ERROR;
				CLANG_WARN_RANGE_LOOP_ANALYSIS = YES;
				CLANG_WARN_STRICT_PROTOTYPES = YES;
				CLANG_WARN_SUSPICIOUS_MOVE = YES;
				CLANG_WARN_UNGUARDED_AVAILABILITY = YES_AGGRESSIVE;
				CLANG_WARN_UNREACHABLE_CODE = YES;
				CLANG_WARN__DUPLICATE_METHOD_MATCH = YES;
				CODE_SIGN_IDENTITY = "iPhone Developer";
				COPY_PHASE_STRIP = NO;
				DEBUG_INFORMATION_FORMAT = "dwarf-with-dsym";
				ENABLE_NS_ASSERTIONS = NO;
				ENABLE_STRICT_OBJC_MSGSEND = YES;
				GCC_C_LANGUAGE_STANDARD = gnu11;
				GCC_NO_COMMON_BLOCKS = YES;
				GCC_WARN_64_TO_32_BIT_CONVERSION = YES;
				GCC_WARN_ABOUT_RETURN_TYPE = YES_ERROR;
				GCC_WARN_UNDECLARED_SELECTOR = YES;
				GCC_WARN_UNINITIALIZED_AUTOS = YES_AGGRESSIVE;
				GCC_WARN_UNUSED_FUNCTION = YES;
				GCC_WARN_UNUSED_VARIABLE = YES;
				IPHONEOS_DEPLOYMENT_TARGET = 11.3;
				MTL_ENABLE_DEBUG_INFO = NO;
				SDKROOT = iphoneos;
				VALIDATE_PRODUCT = YES;
			};
			name = Release;
		};
		03637C752085DD8900BBFBBC /* Debug */ = {
			isa = XCBuildConfiguration;
			buildSettings = {
				ASSETCATALOG_COMPILER_APPICON_NAME = AppIcon;
				CODE_SIGN_STYLE = Automatic;
				DEVELOPMENT_TEAM = Q3WL5Q485E;
				INFOPLIST_FILE = DropdownListDemo/Info.plist;
				LD_RUNPATH_SEARCH_PATHS = (
					"$(inherited)",
					"@executable_path/Frameworks",
				);
				PRODUCT_BUNDLE_IDENTIFIER = com.ebest.DropdownListDemo;
				PRODUCT_NAME = "$(TARGET_NAME)";
				TARGETED_DEVICE_FAMILY = "1,2";
			};
			name = Debug;
		};
		03637C762085DD8900BBFBBC /* Release */ = {
			isa = XCBuildConfiguration;
			buildSettings = {
				ASSETCATALOG_COMPILER_APPICON_NAME = AppIcon;
				CODE_SIGN_STYLE = Automatic;
				DEVELOPMENT_TEAM = Q3WL5Q485E;
				INFOPLIST_FILE = DropdownListDemo/Info.plist;
				LD_RUNPATH_SEARCH_PATHS = (
					"$(inherited)",
					"@executable_path/Frameworks",
				);
				PRODUCT_BUNDLE_IDENTIFIER = com.ebest.DropdownListDemo;
				PRODUCT_NAME = "$(TARGET_NAME)";
				TARGETED_DEVICE_FAMILY = "1,2";
			};
			name = Release;
		};
/* End XCBuildConfiguration section */

/* Begin XCConfigurationList section */
		03637C592085DD8600BBFBBC /* Build configuration list for PBXProject "DropdownListDemo" */ = {
			isa = XCConfigurationList;
			buildConfigurations = (
				03637C722085DD8900BBFBBC /* Debug */,
				03637C732085DD8900BBFBBC /* Release */,
			);
			defaultConfigurationIsVisible = 0;
			defaultConfigurationName = Release;
		};
		03637C742085DD8900BBFBBC /* Build configuration list for PBXNativeTarget "DropdownListDemo" */ = {
			isa = XCConfigurationList;
			buildConfigurations = (
				03637C752085DD8900BBFBBC /* Debug */,
				03637C762085DD8900BBFBBC /* Release */,
			);
			defaultConfigurationIsVisible = 0;
			defaultConfigurationName = Release;
		};
/* End XCConfigurationList section */
	};
	rootObject = 03637C562085DD8600BBFBBC /* Project object */;
}
